dependencies:
- name: jenkins
  repository: https://kubernetes-charts.storage.googleapis.com/
  version: 1.9.4
- name: kafka
  repository: https://kubernetes-charts-incubator.storage.googleapis.com/
  version: 0.20.5
digest: sha256:b39ebdbe7eb55f49c0a64a4273d783ebca99d5a6e231d1a66aab0c0b7f06c3c1
generated: "2019-11-26T23:52:33.254543+01:00"
